
Microsoft Visual Studio Solution File, Format Version 12.00
# Visual Studio Version 17
VisualStudioVersion = 17.1.32328.378
MinimumVisualStudioVersion = 10.0.40219.1
Project("{8BC9CEB8-8B4A-11D0-8D11-00A0C91BC942}") = "QtTable", "QtTable\QtTable.vcxproj", "{A2F23329-90E9-42DD-80BC-FC4F4F7E2F21}"
EndProject
Global
	GlobalSection(SolutionConfigurationPlatforms) = preSolution
		Debug|x64 = Debug|x64
		Release|x64 = Release|x64
	EndGlobalSection
	GlobalSection(ProjectConfigurationPlatforms) = postSolution
		{A2F23329-90E9-42DD-80BC-FC4F4F7E2F21}.Debug|x64.ActiveCfg = Debug|x64
		{A2F23329-90E9-42DD-80BC-FC4F4F7E2F21}.Debug|x64.Build.0 = Debug|x64
		{A2F23329-90E9-42DD-80BC-FC4F4F7E2F21}.Release|x64.ActiveCfg = Release|x64
		{A2F23329-90E9-42DD-80BC-FC4F4F7E2F21}.Release|x64.Build.0 = Release|x64
	EndGlobalSection
	GlobalSection(SolutionProperties) = preSolution
		HideSolutionNode = FALSE
	EndGlobalSection
	GlobalSection(ExtensibilityGlobals) = postSolution
		SolutionGuid = {C9A6DDDB-59A6-45BF-A2B2-EC11F9858B8F}
	EndGlobalSection
EndGlobal
